
Microsoft Visual Studio Solution File, Format Version 12.00
# Visual Studio Version 16
VisualStudioVersion = 16.0.30225.117
MinimumVisualStudioVersion = 10.0.40219.1
Project("{888888A0-9F3D-457C-B088-3A5042F75D52}") = "guildwar", "guildwar.pyproj", "{BF00D73C-9566-4E50-9562-A1AB06DBB9E5}"
EndProject
Global
	GlobalSection(SolutionConfigurationPlatforms) = preSolution
		Debug|Any CPU = Debug|Any CPU
		Release|Any CPU = Release|Any CPU
	EndGlobalSection
	GlobalSection(ProjectConfigurationPlatforms) = postSolution
		{BF00D73C-9566-4E50-9562-A1AB06DBB9E5}.Debug|Any CPU.ActiveCfg = Debug|Any CPU
		{BF00D73C-9566-4E50-9562-A1AB06DBB9E5}.Release|Any CPU.ActiveCfg = Release|Any CPU
	EndGlobalSection
	GlobalSection(SolutionProperties) = preSolution
		HideSolutionNode = FALSE
	EndGlobalSection
	GlobalSection(ExtensibilityGlobals) = postSolution
		SolutionGuid = {4E6FCA59-6830-4F68-B6D4-9453243B8F25}
	EndGlobalSection
EndGlobal
